
Microsoft Visual Studio Solution File, Format Version 12.00
# Visual Studio 15
VisualStudioVersion = 15.0.28307.136
MinimumVisualStudioVersion = 10.0.40219.1
Project("{FAE04EC0-301F-11D3-BF4B-00C04F79EFBC}") = "ConsultaDisparos", "ConsultaDisparos\ConsultaDisparos.csproj", "{C7E0EF28-F6DC-442F-A1B5-0A0889B2F2ED}"
EndProject
Global
	GlobalSection(SolutionConfigurationPlatforms) = preSolution
		Debug|Any CPU = Debug|Any CPU
		Release|Any CPU = Release|Any CPU
	EndGlobalSection
	GlobalSection(ProjectConfigurationPlatforms) = postSolution
		{C7E0EF28-F6DC-442F-A1B5-0A0889B2F2ED}.Debug|Any CPU.ActiveCfg = Debug|Any CPU
		{C7E0EF28-F6DC-442F-A1B5-0A0889B2F2ED}.Debug|Any CPU.Build.0 = Debug|Any CPU
		{C7E0EF28-F6DC-442F-A1B5-0A0889B2F2ED}.Release|Any CPU.ActiveCfg = Release|Any CPU
		{C7E0EF28-F6DC-442F-A1B5-0A0889B2F2ED}.Release|Any CPU.Build.0 = Release|Any CPU
	EndGlobalSection
	GlobalSection(SolutionProperties) = preSolution
		HideSolutionNode = FALSE
	EndGlobalSection
	GlobalSection(ExtensibilityGlobals) = postSolution
		SolutionGuid = {12F7CB87-C505-424E-B71F-61D129ED4D3D}
	EndGlobalSection
EndGlobal
